PODS:
  - AudioKit (4.9.1):
    - AudioKit/Core (= 4.9.1)
    - AudioKit/UI (= 4.9.1)
  - AudioKit/Core (4.9.1)
  - AudioKit/UI (4.9.1):
    - AudioKit/Core

DEPENDENCIES:
  - AudioKit (>= 4.5.5.b1)

SPEC REPOS:
  https://github.com/CocoaPods/Specs.git:
    - AudioKit

SPEC CHECKSUMS:
  AudioKit: 6e5a830b92b1fb295d7efb81ad33fcd1e540712b

PODFILE CHECKSUM: e60e130df1a7ba874dde78a111147192884b8655

COCOAPODS: 1.8.1
